
Microsoft Visual Studio Solution File, Format Version 12.00
# Visual Studio 2012
Project("{FAE04EC0-301F-11D3-BF4B-00C04F79EFBC}") = "WordCountApp", "WordCountApp\WordCountApp.csproj", "{DC1CCD75-D8DF-44B7-AAD0-974AD48C1E92}"
EndProject
Global
	GlobalSection(SolutionConfigurationPlatforms) = preSolution
		Debug|Any CPU = Debug|Any CPU
		Release|Any CPU = Release|Any CPU
	EndGlobalSection
	GlobalSection(ProjectConfigurationPlatforms) = postSolution
		{DC1CCD75-D8DF-44B7-AAD0-974AD48C1E92}.Debug|Any CPU.ActiveCfg = Debug|Any CPU
		{DC1CCD75-D8DF-44B7-AAD0-974AD48C1E92}.Debug|Any CPU.Build.0 = Debug|Any CPU
		{DC1CCD75-D8DF-44B7-AAD0-974AD48C1E92}.Release|Any CPU.ActiveCfg = Release|Any CPU
		{DC1CCD75-D8DF-44B7-AAD0-974AD48C1E92}.Release|Any CPU.Build.0 = Release|Any CPU
	EndGlobalSection
	GlobalSection(SolutionProperties) = preSolution
		HideSolutionNode = FALSE
	EndGlobalSection
EndGlobal
